
Microsoft Visual Studio Solution File, Format Version 12.00
# Visual Studio 14
VisualStudioVersion = 14.0.25123.0
MinimumVisualStudioVersion = 10.0.40219.1
Project("{FAE04EC0-301F-11D3-BF4B-00C04F79EFBC}") = "EventsWebsite", "EventsWebsite\EventsWebsite.csproj", "{4C449E8B-EBBE-4619-9E38-254106C1BE5A}"
EndProject
Project("{FAE04EC0-301F-11D3-BF4B-00C04F79EFBC}") = "EventsWebsite UnitTest", "EventsWebsite UnitTest\EventsWebsite UnitTest.csproj", "{90D5EA36-7E16-4892-8F56-D53A7062CC2C}"
EndProject
Global
	GlobalSection(SolutionConfigurationPlatforms) = preSolution
		Debug|Any CPU = Debug|Any CPU
		Release|Any CPU = Release|Any CPU
	EndGlobalSection
	GlobalSection(ProjectConfigurationPlatforms) = postSolution
		{4C449E8B-EBBE-4619-9E38-254106C1BE5A}.Debug|Any CPU.ActiveCfg = Debug|Any CPU
		{4C449E8B-EBBE-4619-9E38-254106C1BE5A}.Debug|Any CPU.Build.0 = Debug|Any CPU
		{4C449E8B-EBBE-4619-9E38-254106C1BE5A}.Release|Any CPU.ActiveCfg = Release|Any CPU
		{4C449E8B-EBBE-4619-9E38-254106C1BE5A}.Release|Any CPU.Build.0 = Release|Any CPU
		{90D5EA36-7E16-4892-8F56-D53A7062CC2C}.Debug|Any CPU.ActiveCfg = Debug|Any CPU
		{90D5EA36-7E16-4892-8F56-D53A7062CC2C}.Debug|Any CPU.Build.0 = Debug|Any CPU
		{90D5EA36-7E16-4892-8F56-D53A7062CC2C}.Release|Any CPU.ActiveCfg = Release|Any CPU
		{90D5EA36-7E16-4892-8F56-D53A7062CC2C}.Release|Any CPU.Build.0 = Release|Any CPU
	EndGlobalSection
	GlobalSection(SolutionProperties) = preSolution
		HideSolutionNode = FALSE
	EndGlobalSection
EndGlobal
